// !$*UTF8*$!
{
	archiveVersion = 1;
	classes = {
	};
	objectVersion = 46;
	objects = {

/* Begin PBXBuildFile section */
		55402DF71C9DB7C200E1CDFB /* AppDelegate.m in Sources */ = {isa = PBXBuildFile; fileRef = 55402DF61C9DB7C200E1CDFB /* AppDelegate.m */; };
		55402DFA1C9DB7C200E1CDFB /* main.m in Sources */ = {isa = PBXBuildFile; fileRef = 55402DF91C9DB7C200E1CDFB /* main.m */; };
		55402DFD1C9DB7C200E1CDFB /* ViewController.m in Sources */ = {isa = PBXBuildFile; fileRef = 55402DFC1C9DB7C200E1CDFB /* ViewController.m */; };
		55402DFF1C9DB7C200E1CDFB /* Assets.xcassets in Resources */ = {isa = PBXBuildFile; fileRef = 55402DFE1C9DB7C200E1CDFB /* Assets.xcassets */; };
		55402E021C9DB7C200E1CDFB /* Main.storyboard in Resources */ = {isa = PBXBuildFile; fileRef = 55402E001C9DB7C200E1CDFB /* Main.storyboard */; };
		55402E111C9DB8EB00E1CDFB /* Orchestra.m in Sources */ = {isa = PBXBuildFile; fileRef = 55402E101C9DB8EB00E1CDFB /* Orchestra.m */; };
		55402E141C9DB8FF00E1CDFB /* OrchestralSection.m in Sources */ = {isa = PBXBuildFile; fileRef = 55402E131C9DB8FF00E1CDFB /* OrchestralSection.m */; };
		55402E171C9DC53500E1CDFB /* OrchestralController.mm in Sources */ = {isa = PBXBuildFile; fileRef = 55402E161C9DC53500E1CDFB /* OrchestralController.mm */; };
		55402E1A1C9E07D500E1CDFB /* hello-myo.h in Sources */ = {isa = PBXBuildFile; fileRef = 55402E191C9E07D500E1CDFB /* hello-myo.h */; };
		55402E1F1C9E12C300E1CDFB /* myo.framework in Frameworks */ = {isa = PBXBuildFile; fileRef = 55402E1E1C9E12C300E1CDFB /* myo.framework */; };
		55402E211C9E132D00E1CDFB /* myo.framework in CopyFiles */ = {isa = PBXBuildFile; fileRef = 55402E1E1C9E12C300E1CDFB /* myo.framework */; settings = {ATTRIBUTES = (CodeSignOnCopy, RemoveHeadersOnCopy, ); }; };
		55402E2C1C9E42CF00E1CDFB /* hi-freq.wav in Resources */ = {isa = PBXBuildFile; fileRef = 55402E291C9E42CF00E1CDFB /* hi-freq.wav */; };
		55402E2D1C9E42CF00E1CDFB /* low-freq.wav in Resources */ = {isa = PBXBuildFile; fileRef = 55402E2A1C9E42CF00E1CDFB /* low-freq.wav */; };
		55402E2E1C9E42CF00E1CDFB /* med-freq.wav in Resources */ = {isa = PBXBuildFile; fileRef = 55402E2B1C9E42CF00E1CDFB /* med-freq.wav */; };
/* End PBXBuildFile section */

/* Begin PBXCopyFilesBuildPhase section */
		55402E201C9E131E00E1CDFB /* CopyFiles */ = {
			isa = PBXCopyFilesBuildPhase;
			buildActionMask = 2147483647;
			dstPath = "";
			dstSubfolderSpec = 10;
			files = (
				55402E211C9E132D00E1CDFB /* myo.framework in CopyFiles */,
			);
			runOnlyForDeploymentPostprocessing = 0;
		};
/* End PBXCopyFilesBuildPhase section */

/* Begin PBXFileReference section */
		55402DF21C9DB7C200E1CDFB /* MyOrchestra-Hub.app */ = {isa = PBXFileReference; explicitFileType = wrapper.application; includeInIndex = 0; path = "MyOrchestra-Hub.app"; sourceTree = BUILT_PRODUCTS_DIR; };
		55402DF51C9DB7C200E1CDFB /* AppDelegate.h */ = {isa = PBXFileReference; lastKnownFileType = sourcecode.c.h; path = AppDelegate.h; sourceTree = "<group>"; };
		55402DF61C9DB7C200E1CDFB /* AppDelegate.m */ = {isa = PBXFileReference; lastKnownFileType = sourcecode.c.objc; path = AppDelegate.m; sourceTree = "<group>"; };
		55402DF91C9DB7C200E1CDFB /* main.m */ = {isa = PBXFileReference; lastKnownFileType = sourcecode.c.objc; path = main.m; sourceTree = "<group>"; };
		55402DFB1C9DB7C200E1CDFB /* ViewController.h */ = {isa = PBXFileReference; lastKnownFileType = sourcecode.c.h; path = ViewController.h; sourceTree = "<group>"; };
		55402DFC1C9DB7C200E1CDFB /* ViewController.m */ = {isa = PBXFileReference; lastKnownFileType = sourcecode.c.objc; path = ViewController.m; sourceTree = "<group>"; };
		55402DFE1C9DB7C200E1CDFB /* Assets.xcassets */ = {isa = PBXFileReference; lastKnownFileType = folder.assetcatalog; path = Assets.xcassets; sourceTree = "<group>"; };
		55402E011C9DB7C200E1CDFB /* Base */ = {isa = PBXFileReference; lastKnownFileType = file.storyboard; name = Base; path = Base.lproj/Main.storyboard; sourceTree = "<group>"; };
		55402E031C9DB7C200E1CDFB /* Info.plist */ = {isa = PBXFileReference; lastKnownFileType = text.plist.xml; path = Info.plist; sourceTree = "<group>"; };
		55402E0F1C9DB8EB00E1CDFB /* Orchestra.h */ = {isa = PBXFileReference; fileEncoding = 4; lastKnownFileType = sourcecode.c.h; name = Orchestra.h; path = Entities/Orchestra.h; sourceTree = "<group>"; };
		55402E101C9DB8EB00E1CDFB /* Orchestra.m */ = {isa = PBXFileReference; fileEncoding = 4; lastKnownFileType = sourcecode.c.objc; name = Orchestra.m; path = Entities/Orchestra.m; sourceTree = "<group>"; };
		55402E121C9DB8FF00E1CDFB /* OrchestralSection.h */ = {isa = PBXFileReference; fileEncoding = 4; lastKnownFileType = sourcecode.c.h; name = OrchestralSection.h; path = Entities/OrchestralSection.h; sourceTree = "<group>"; };
		55402E131C9DB8FF00E1CDFB /* OrchestralSection.m */ = {isa = PBXFileReference; fileEncoding = 4; lastKnownFileType = sourcecode.c.objc; name = OrchestralSection.m; path = Entities/OrchestralSection.m; sourceTree = "<group>"; };
		55402E151C9DC53500E1CDFB /* OrchestralController.h */ = {isa = PBXFileReference; fileEncoding = 4; lastKnownFileType = sourcecode.c.h; name = OrchestralController.h; path = System/OrchestralController.h; sourceTree = "<group>"; };
		55402E161C9DC53500E1CDFB /* OrchestralController.mm */ = {isa = PBXFileReference; fileEncoding = 4; lastKnownFileType = sourcecode.cpp.objcpp; name = OrchestralController.mm; path = System/OrchestralController.mm; sourceTree = "<group>"; };
		55402E181C9DF26300E1CDFB /* OrchestralController-C-Interface.h */ = {isa = PBXFileReference; fileEncoding = 4; lastKnownFileType = sourcecode.c.h; name = "OrchestralController-C-Interface.h"; path = "System/OrchestralController-C-Interface.h"; sourceTree = "<group>"; };
		55402E191C9E07D500E1CDFB /* hello-myo.h */ = {isa = PBXFileReference; fileEncoding = 4; lastKnownFileType = sourcecode.c.h; name = "hello-myo.h"; path = "System/hello-myo.h"; sourceTree = "<group>"; };
		55402E1E1C9E12C300E1CDFB /* myo.framework */ = {isa = PBXFileReference; lastKnownFileType = wrapper.framework; path = myo.framework; sourceTree = "<group>"; };
		55402E291C9E42CF00E1CDFB /* hi-freq.wav */ = {isa = PBXFileReference; lastKnownFileType = audio.wav; path = "hi-freq.wav"; sourceTree = "<group>"; };
		55402E2A1C9E42CF00E1CDFB /* low-freq.wav */ = {isa = PBXFileReference; lastKnownFileType = audio.wav; path = "low-freq.wav"; sourceTree = "<group>"; };
		55402E2B1C9E42CF00E1CDFB /* med-freq.wav */ = {isa = PBXFileReference; lastKnownFileType = audio.wav; path = "med-freq.wav"; sourceTree = "<group>"; };
/* End PBXFileReference section */

/* Begin PBXFrameworksBuildPhase section */
		55402DEF1C9DB7C200E1CDFB /* Frameworks */ = {
			isa = PBXFrameworksBuildPhase;
			buildActionMask = 2147483647;
			files = (
				55402E1F1C9E12C300E1CDFB /* myo.framework in Frameworks */,
			);
			runOnlyForDeploymentPostprocessing = 0;
		};
/* End PBXFrameworksBuildPhase section */

/* Begin PBXGroup section */
		55402DE91C9DB7C200E1CDFB = {
			isa = PBXGroup;
			children = (
				55402DF41C9DB7C200E1CDFB /* MyOrchestra-Hub */,
				55402E221C9E28F800E1CDFB /* Audio Resources */,
				55402E1D1C9E080B00E1CDFB /* Frameworks */,
				55402DF31C9DB7C200E1CDFB /* Products */,
			);
			sourceTree = "<group>";
		};
		55402DF31C9DB7C200E1CDFB /* Products */ = {
			isa = PBXGroup;
			children = (
				55402DF21C9DB7C200E1CDFB /* MyOrchestra-Hub.app */,
			);
			name = Products;
			sourceTree = "<group>";
		};
		55402DF41C9DB7C200E1CDFB /* MyOrchestra-Hub */ = {
			isa = PBXGroup;
			children = (
				55402E0A1C9DB7EF00E1CDFB /* System */,
				55402E091C9DB7DA00E1CDFB /* Entities */,
				55402DF51C9DB7C200E1CDFB /* AppDelegate.h */,
				55402DF61C9DB7C200E1CDFB /* AppDelegate.m */,
				55402DFB1C9DB7C200E1CDFB /* ViewController.h */,
				55402DFC1C9DB7C200E1CDFB /* ViewController.m */,
				55402DFE1C9DB7C200E1CDFB /* Assets.xcassets */,
				55402E001C9DB7C200E1CDFB /* Main.storyboard */,
				55402E031C9DB7C200E1CDFB /* Info.plist */,
				55402DF81C9DB7C200E1CDFB /* Supporting Files */,
			);
			path = "MyOrchestra-Hub";
			sourceTree = "<group>";
		};
		55402DF81C9DB7C200E1CDFB /* Supporting Files */ = {
			isa = PBXGroup;
			children = (
				55402DF91C9DB7C200E1CDFB /* main.m */,
			);
			name = "Supporting Files";
			sourceTree = "<group>";
		};
		55402E091C9DB7DA00E1CDFB /* Entities */ = {
			isa = PBXGroup;
			children = (
				55402E0F1C9DB8EB00E1CDFB /* Orchestra.h */,
				55402E101C9DB8EB00E1CDFB /* Orchestra.m */,
				55402E121C9DB8FF00E1CDFB /* OrchestralSection.h */,
				55402E131C9DB8FF00E1CDFB /* OrchestralSection.m */,
			);
			name = Entities;
			sourceTree = "<group>";
		};
		55402E0A1C9DB7EF00E1CDFB /* System */ = {
			isa = PBXGroup;
			children = (
				55402E191C9E07D500E1CDFB /* hello-myo.h */,
				55402E181C9DF26300E1CDFB /* OrchestralController-C-Interface.h */,
				55402E151C9DC53500E1CDFB /* OrchestralController.h */,
				55402E161C9DC53500E1CDFB /* OrchestralController.mm */,
			);
			name = System;
			sourceTree = "<group>";
		};
		55402E1D1C9E080B00E1CDFB /* Frameworks */ = {
			isa = PBXGroup;
			children = (
				55402E1E1C9E12C300E1CDFB /* myo.framework */,
			);
			name = Frameworks;
			sourceTree = "<group>";
		};
		55402E221C9E28F800E1CDFB /* Audio Resources */ = {
			isa = PBXGroup;
			children = (
				55402E291C9E42CF00E1CDFB /* hi-freq.wav */,
				55402E2A1C9E42CF00E1CDFB /* low-freq.wav */,
				55402E2B1C9E42CF00E1CDFB /* med-freq.wav */,
			);
			name = "Audio Resources";
			sourceTree = "<group>";
		};
/* End PBXGroup section */

/* Begin PBXNativeTarget section */
		55402DF11C9DB7C200E1CDFB /* MyOrchestra-Hub */ = {
			isa = PBXNativeTarget;
			buildConfigurationList = 55402E061C9DB7C200E1CDFB /* Build configuration list for PBXNativeTarget "MyOrchestra-Hub" */;
			buildPhases = (
				55402DEE1C9DB7C200E1CDFB /* Sources */,
				55402DEF1C9DB7C200E1CDFB /* Frameworks */,
				55402DF01C9DB7C200E1CDFB /* Resources */,
				55402E201C9E131E00E1CDFB /* CopyFiles */,
			);
			buildRules = (
			);
			dependencies = (
			);
			name = "MyOrchestra-Hub";
			productName = "MyOrchestra-Hub";
			productReference = 55402DF21C9DB7C200E1CDFB /* MyOrchestra-Hub.app */;
			productType = "com.apple.product-type.application";
		};
/* End PBXNativeTarget section */

/* Begin PBXProject section */
		55402DEA1C9DB7C200E1CDFB /* Project object */ = {
			isa = PBXProject;
			attributes = {
				LastUpgradeCheck = 0720;
				ORGANIZATIONNAME = "Abdul Al-Shawa";
				TargetAttributes = {
					55402DF11C9DB7C200E1CDFB = {
						CreatedOnToolsVersion = 7.2;
					};
				};
			};
			buildConfigurationList = 55402DED1C9DB7C200E1CDFB /* Build configuration list for PBXProject "MyOrchestra-Hub" */;
			compatibilityVersion = "Xcode 3.2";
			developmentRegion = English;
			hasScannedForEncodings = 0;
			knownRegions = (
				en,
				Base,
			);
			mainGroup = 55402DE91C9DB7C200E1CDFB;
			productRefGroup = 55402DF31C9DB7C200E1CDFB /* Products */;
			projectDirPath = "";
			projectRoot = "";
			targets = (
				55402DF11C9DB7C200E1CDFB /* MyOrchestra-Hub */,
			);
		};
/* End PBXProject section */

/* Begin PBXResourcesBuildPhase section */
		55402DF01C9DB7C200E1CDFB /* Resources */ = {
			isa = PBXResourcesBuildPhase;
			buildActionMask = 2147483647;
			files = (
				55402DFF1C9DB7C200E1CDFB /* Assets.xcassets in Resources */,
				55402E2E1C9E42CF00E1CDFB /* med-freq.wav in Resources */,
				55402E021C9DB7C200E1CDFB /* Main.storyboard in Resources */,
				55402E2D1C9E42CF00E1CDFB /* low-freq.wav in Resources */,
				55402E2C1C9E42CF00E1CDFB /* hi-freq.wav in Resources */,
			);
			runOnlyForDeploymentPostprocessing = 0;
		};
/* End PBXResourcesBuildPhase section */

/* Begin PBXSourcesBuildPhase section */
		55402DEE1C9DB7C200E1CDFB /* Sources */ = {
			isa = PBXSourcesBuildPhase;
			buildActionMask = 2147483647;
			files = (
				55402DFD1C9DB7C200E1CDFB /* ViewController.m in Sources */,
				55402E111C9DB8EB00E1CDFB /* Orchestra.m in Sources */,
				55402E171C9DC53500E1CDFB /* OrchestralController.mm in Sources */,
				55402DFA1C9DB7C200E1CDFB /* main.m in Sources */,
				55402E141C9DB8FF00E1CDFB /* OrchestralSection.m in Sources */,
				55402E1A1C9E07D500E1CDFB /* hello-myo.h in Sources */,
				55402DF71C9DB7C200E1CDFB /* AppDelegate.m in Sources */,
			);
			runOnlyForDeploymentPostprocessing = 0;
		};
/* End PBXSourcesBuildPhase section */

/* Begin PBXVariantGroup section */
		55402E001C9DB7C200E1CDFB /* Main.storyboard */ = {
			isa = PBXVariantGroup;
			children = (
				55402E011C9DB7C200E1CDFB /* Base */,
			);
			name = Main.storyboard;
			sourceTree = "<group>";
		};
/* End PBXVariantGroup section */

/* Begin XCBuildConfiguration section */
		55402E041C9DB7C200E1CDFB /* Debug */ = {
			isa = XCBuildConfiguration;
			buildSettings = {
				ALWAYS_SEARCH_USER_PATHS = NO;
				CLANG_CXX_LANGUAGE_STANDARD = "gnu++0x";
				CLANG_CXX_LIBRARY = "libc++";
				CLANG_ENABLE_MODULES = YES;
				CLANG_ENABLE_OBJC_ARC = YES;
				CLANG_WARN_BOOL_CONVERSION = YES;
				CLANG_WARN_CONSTANT_CONVERSION = YES;
				CLANG_WARN_DIRECT_OBJC_ISA_USAGE = YES_ERROR;
				CLANG_WARN_EMPTY_BODY = YES;
				CLANG_WARN_ENUM_CONVERSION = YES;
				CLANG_WARN_INT_CONVERSION = YES;
				CLANG_WARN_OBJC_ROOT_CLASS = YES_ERROR;
				CLANG_WARN_UNREACHABLE_CODE = YES;
				CLANG_WARN__DUPLICATE_METHOD_MATCH = YES;
				CODE_SIGN_IDENTITY = "-";
				COPY_PHASE_STRIP = NO;
				DEBUG_INFORMATION_FORMAT = dwarf;
				ENABLE_STRICT_OBJC_MSGSEND = YES;
				ENABLE_TESTABILITY = YES;
				GCC_C_LANGUAGE_STANDARD = gnu99;
				GCC_DYNAMIC_NO_PIC = NO;
				GCC_NO_COMMON_BLOCKS = YES;
				GCC_OPTIMIZATION_LEVEL = 0;
				GCC_PREPROCESSOR_DEFINITIONS = (
					"DEBUG=1",
					"$(inherited)",
				);
				GCC_WARN_64_TO_32_BIT_CONVERSION = YES;
				GCC_WARN_ABOUT_RETURN_TYPE = YES_ERROR;
				GCC_WARN_UNDECLARED_SELECTOR = YES;
				GCC_WARN_UNINITIALIZED_AUTOS = YES_AGGRESSIVE;
				GCC_WARN_UNUSED_FUNCTION = YES;
				GCC_WARN_UNUSED_VARIABLE = YES;
				MACOSX_DEPLOYMENT_TARGET = 10.11;
				MTL_ENABLE_DEBUG_INFO = YES;
				ONLY_ACTIVE_ARCH = YES;
				SDKROOT = macosx;
			};
			name = Debug;
		};
		55402E051C9DB7C200E1CDFB /* Release */ = {
			isa = XCBuildConfiguration;
			buildSettings = {
				ALWAYS_SEARCH_USER_PATHS = NO;
				CLANG_CXX_LANGUAGE_STANDARD = "gnu++0x";
				CLANG_CXX_LIBRARY = "libc++";
				CLANG_ENABLE_MODULES = YES;
				CLANG_ENABLE_OBJC_ARC = YES;
				CLANG_WARN_BOOL_CONVERSION = YES;
				CLANG_WARN_CONSTANT_CONVERSION = YES;
				CLANG_WARN_DIRECT_OBJC_ISA_USAGE = YES_ERROR;
				CLANG_WARN_EMPTY_BODY = YES;
				CLANG_WARN_ENUM_CONVERSION = YES;
				CLANG_WARN_INT_CONVERSION = YES;
				CLANG_WARN_OBJC_ROOT_CLASS = YES_ERROR;
				CLANG_WARN_UNREACHABLE_CODE = YES;
				CLANG_WARN__DUPLICATE_METHOD_MATCH = YES;
				CODE_SIGN_IDENTITY = "-";
				COPY_PHASE_STRIP = NO;
				DEBUG_INFORMATION_FORMAT = "dwarf-with-dsym";
				ENABLE_NS_ASSERTIONS = NO;
				ENABLE_STRICT_OBJC_MSGSEND = YES;
				GCC_C_LANGUAGE_STANDARD = gnu99;
				GCC_NO_COMMON_BLOCKS = YES;
				GCC_WARN_64_TO_32_BIT_CONVERSION = YES;
				GCC_WARN_ABOUT_RETURN_TYPE = YES_ERROR;
				GCC_WARN_UNDECLARED_SELECTOR = YES;
				GCC_WARN_UNINITIALIZED_AUTOS = YES_AGGRESSIVE;
				GCC_WARN_UNUSED_FUNCTION = YES;
				GCC_WARN_UNUSED_VARIABLE = YES;
				MACOSX_DEPLOYMENT_TARGET = 10.11;
				MTL_ENABLE_DEBUG_INFO = NO;
				SDKROOT = macosx;
			};
			name = Release;
		};
		55402E071C9DB7C200E1CDFB /* Debug */ = {
			isa = XCBuildConfiguration;
			buildSettings = {
				ASSETCATALOG_COMPILER_APPICON_NAME = AppIcon;
				COMBINE_HIDPI_IMAGES = YES;
				FRAMEWORK_SEARCH_PATHS = (
					"$(inherited)",
					"$(PROJECT_DIR)/MyOrchestra-Hub",
					"$(PROJECT_DIR)",
				);
				INFOPLIST_FILE = "MyOrchestra-Hub/Info.plist";
				LD_RUNPATH_SEARCH_PATHS = "@loader_path/../Frameworks";
				PRODUCT_BUNDLE_IDENTIFIER = "AAAplications.MyOrchestra-Hub";
				PRODUCT_NAME = "$(TARGET_NAME)";
			};
			name = Debug;
		};
		55402E081C9DB7C200E1CDFB /* Release */ = {
			isa = XCBuildConfiguration;
			buildSettings = {
				ASSETCATALOG_COMPILER_APPICON_NAME = AppIcon;
				COMBINE_HIDPI_IMAGES = YES;
				FRAMEWORK_SEARCH_PATHS = (
					"$(inherited)",
					"$(PROJECT_DIR)/MyOrchestra-Hub",
					"$(PROJECT_DIR)",
				);
				INFOPLIST_FILE = "MyOrchestra-Hub/Info.plist";
				LD_RUNPATH_SEARCH_PATHS = "@loader_path/../Frameworks";
				PRODUCT_BUNDLE_IDENTIFIER = "AAAplications.MyOrchestra-Hub";
				PRODUCT_NAME = "$(TARGET_NAME)";
			};
			name = Release;
		};
/* End XCBuildConfiguration section */

/* Begin XCConfigurationList section */
		55402DED1C9DB7C200E1CDFB /* Build configuration list for PBXProject "MyOrchestra-Hub" */ = {
			isa = XCConfigurationList;
			buildConfigurations = (
				55402E041C9DB7C200E1CDFB /* Debug */,
				55402E051C9DB7C200E1CDFB /* Release */,
			);
			defaultConfigurationIsVisible = 0;
			defaultConfigurationName = Release;
		};
		55402E061C9DB7C200E1CDFB /* Build configuration list for PBXNativeTarget "MyOrchestra-Hub" */ = {
			isa = XCConfigurationList;
			buildConfigurations = (
				55402E071C9DB7C200E1CDFB /* Debug */,
				55402E081C9DB7C200E1CDFB /* Release */,
			);
			defaultConfigurationIsVisible = 0;
			defaultConfigurationName = Release;
		};
/* End XCConfigurationList section */
	};
	rootObject = 55402DEA1C9DB7C200E1CDFB /* Project object */;
}
